
Microsoft Visual Studio Solution File, Format Version 11.00
# Visual Studio 2010
# SharpDevelop 4.3
Project("{FAE04EC0-301F-11D3-BF4B-00C04F79EFBC}") = "ComiKamiQ4", "ComiKamiQ4\ComiKamiQ4.csproj", "{AAD55F1E-E251-465F-A71C-79F4C7B4A541}"
EndProject
Global
	GlobalSection(SolutionConfigurationPlatforms) = preSolution
		Debug|Any CPU = Debug|Any CPU
		Release|Any CPU = Release|Any CPU
	EndGlobalSection
	GlobalSection(ProjectConfigurationPlatforms) = postSolution
		{AAD55F1E-E251-465F-A71C-79F4C7B4A541}.Debug|Any CPU.Build.0 = Debug|Any CPU
		{AAD55F1E-E251-465F-A71C-79F4C7B4A541}.Debug|Any CPU.ActiveCfg = Debug|Any CPU
		{AAD55F1E-E251-465F-A71C-79F4C7B4A541}.Release|Any CPU.Build.0 = Release|Any CPU
		{AAD55F1E-E251-465F-A71C-79F4C7B4A541}.Release|Any CPU.ActiveCfg = Release|Any CPU
	EndGlobalSection
EndGlobal
